
Microsoft Visual Studio Solution File, Format Version 12.00
# Visual Studio Version 16
VisualStudioVersion = 16.0.30114.105
MinimumVisualStudioVersion = 10.0.40219.1
Project("{9A19103F-16F7-4668-BE54-9A1E7A4F7556}") = "MyWorkout.DAL", "MyWorkout.DAL\MyWorkout.DAL.csproj", "{EAEB9ED4-BFFA-4B69-9A99-E24F505566C1}"
EndProject
Project("{9A19103F-16F7-4668-BE54-9A1E7A4F7556}") = "MyWorkout.BLL", "MyWorkout.BLL\MyWorkout.BLL.csproj", "{E123CC6E-5A29-44FE-BA17-0288A2155CA7}"
EndProject
Project("{9A19103F-16F7-4668-BE54-9A1E7A4F7556}") = "MyWorkout.Web", "MyWorkout.Web\MyWorkout.Web.csproj", "{6BDD8B6E-6364-4D0F-B43E-117CA1DDC5E4}"
EndProject
Global
	GlobalSection(SolutionConfigurationPlatforms) = preSolution
		Aaliyah|Any CPU = Aaliyah|Any CPU
		Aaliyah|x64 = Aaliyah|x64
		Debug|Any CPU = Debug|Any CPU
		Debug|x64 = Debug|x64
		Release|Any CPU = Release|Any CPU
		Release|x64 = Release|x64
		Yurii|Any CPU = Yurii|Any CPU
		Yurii|x64 = Yurii|x64
	EndGlobalSection
	GlobalSection(ProjectConfigurationPlatforms) = postSolution
		{EAEB9ED4-BFFA-4B69-9A99-E24F505566C1}.Aaliyah|Any CPU.ActiveCfg = Aaliyah|Any CPU
		{EAEB9ED4-BFFA-4B69-9A99-E24F505566C1}.Aaliyah|Any CPU.Build.0 = Aaliyah|Any CPU
		{EAEB9ED4-BFFA-4B69-9A99-E24F505566C1}.Aaliyah|x64.ActiveCfg = Aaliyah|Any CPU
		{EAEB9ED4-BFFA-4B69-9A99-E24F505566C1}.Aaliyah|x64.Build.0 = Aaliyah|Any CPU
		{EAEB9ED4-BFFA-4B69-9A99-E24F505566C1}.Debug|Any CPU.ActiveCfg = Debug|Any CPU
		{EAEB9ED4-BFFA-4B69-9A99-E24F505566C1}.Debug|Any CPU.Build.0 = Debug|Any CPU
		{EAEB9ED4-BFFA-4B69-9A99-E24F505566C1}.Debug|x64.ActiveCfg = Debug|Any CPU
		{EAEB9ED4-BFFA-4B69-9A99-E24F505566C1}.Debug|x64.Build.0 = Debug|Any CPU
		{EAEB9ED4-BFFA-4B69-9A99-E24F505566C1}.Release|Any CPU.ActiveCfg = Release|Any CPU
		{EAEB9ED4-BFFA-4B69-9A99-E24F505566C1}.Release|Any CPU.Build.0 = Release|Any CPU
		{EAEB9ED4-BFFA-4B69-9A99-E24F505566C1}.Release|x64.ActiveCfg = Release|Any CPU
		{EAEB9ED4-BFFA-4B69-9A99-E24F505566C1}.Release|x64.Build.0 = Release|Any CPU
		{EAEB9ED4-BFFA-4B69-9A99-E24F505566C1}.Yurii|Any CPU.ActiveCfg = Yurii|Any CPU
		{EAEB9ED4-BFFA-4B69-9A99-E24F505566C1}.Yurii|Any CPU.Build.0 = Yurii|Any CPU
		{EAEB9ED4-BFFA-4B69-9A99-E24F505566C1}.Yurii|x64.ActiveCfg = Yurii|Any CPU
		{EAEB9ED4-BFFA-4B69-9A99-E24F505566C1}.Yurii|x64.Build.0 = Yurii|Any CPU
		{E123CC6E-5A29-44FE-BA17-0288A2155CA7}.Aaliyah|Any CPU.ActiveCfg = Aaliyah|Any CPU
		{E123CC6E-5A29-44FE-BA17-0288A2155CA7}.Aaliyah|Any CPU.Build.0 = Aaliyah|Any CPU
		{E123CC6E-5A29-44FE-BA17-0288A2155CA7}.Aaliyah|x64.ActiveCfg = Aaliyah|x64
		{E123CC6E-5A29-44FE-BA17-0288A2155CA7}.Aaliyah|x64.Build.0 = Aaliyah|x64
		{E123CC6E-5A29-44FE-BA17-0288A2155CA7}.Debug|Any CPU.ActiveCfg = Debug|Any CPU
		{E123CC6E-5A29-44FE-BA17-0288A2155CA7}.Debug|Any CPU.Build.0 = Debug|Any CPU
		{E123CC6E-5A29-44FE-BA17-0288A2155CA7}.Debug|x64.ActiveCfg = Debug|x64
		{E123CC6E-5A29-44FE-BA17-0288A2155CA7}.Debug|x64.Build.0 = Debug|x64
		{E123CC6E-5A29-44FE-BA17-0288A2155CA7}.Release|Any CPU.ActiveCfg = Release|Any CPU
		{E123CC6E-5A29-44FE-BA17-0288A2155CA7}.Release|Any CPU.Build.0 = Release|Any CPU
		{E123CC6E-5A29-44FE-BA17-0288A2155CA7}.Release|x64.ActiveCfg = Release|x64
		{E123CC6E-5A29-44FE-BA17-0288A2155CA7}.Release|x64.Build.0 = Release|x64
		{E123CC6E-5A29-44FE-BA17-0288A2155CA7}.Yurii|Any CPU.ActiveCfg = Yurii|Any CPU
		{E123CC6E-5A29-44FE-BA17-0288A2155CA7}.Yurii|Any CPU.Build.0 = Yurii|Any CPU
		{E123CC6E-5A29-44FE-BA17-0288A2155CA7}.Yurii|x64.ActiveCfg = Yurii|x64
		{E123CC6E-5A29-44FE-BA17-0288A2155CA7}.Yurii|x64.Build.0 = Yurii|x64
		{6BDD8B6E-6364-4D0F-B43E-117CA1DDC5E4}.Aaliyah|Any CPU.ActiveCfg = Aaliyah|Any CPU
		{6BDD8B6E-6364-4D0F-B43E-117CA1DDC5E4}.Aaliyah|Any CPU.Build.0 = Aaliyah|Any CPU
		{6BDD8B6E-6364-4D0F-B43E-117CA1DDC5E4}.Aaliyah|x64.ActiveCfg = Aaliyah|Any CPU
		{6BDD8B6E-6364-4D0F-B43E-117CA1DDC5E4}.Aaliyah|x64.Build.0 = Aaliyah|Any CPU
		{6BDD8B6E-6364-4D0F-B43E-117CA1DDC5E4}.Debug|Any CPU.ActiveCfg = Debug|Any CPU
		{6BDD8B6E-6364-4D0F-B43E-117CA1DDC5E4}.Debug|Any CPU.Build.0 = Debug|Any CPU
		{6BDD8B6E-6364-4D0F-B43E-117CA1DDC5E4}.Debug|x64.ActiveCfg = Debug|Any CPU
		{6BDD8B6E-6364-4D0F-B43E-117CA1DDC5E4}.Debug|x64.Build.0 = Debug|Any CPU
		{6BDD8B6E-6364-4D0F-B43E-117CA1DDC5E4}.Release|Any CPU.ActiveCfg = Release|Any CPU
		{6BDD8B6E-6364-4D0F-B43E-117CA1DDC5E4}.Release|Any CPU.Build.0 = Release|Any CPU
		{6BDD8B6E-6364-4D0F-B43E-117CA1DDC5E4}.Release|x64.ActiveCfg = Release|Any CPU
		{6BDD8B6E-6364-4D0F-B43E-117CA1DDC5E4}.Release|x64.Build.0 = Release|Any CPU
		{6BDD8B6E-6364-4D0F-B43E-117CA1DDC5E4}.Yurii|Any CPU.ActiveCfg = Yurii|Any CPU
		{6BDD8B6E-6364-4D0F-B43E-117CA1DDC5E4}.Yurii|Any CPU.Build.0 = Yurii|Any CPU
		{6BDD8B6E-6364-4D0F-B43E-117CA1DDC5E4}.Yurii|x64.ActiveCfg = Yurii|Any CPU
		{6BDD8B6E-6364-4D0F-B43E-117CA1DDC5E4}.Yurii|x64.Build.0 = Yurii|Any CPU
	EndGlobalSection
	GlobalSection(SolutionProperties) = preSolution
		HideSolutionNode = FALSE
	EndGlobalSection
	GlobalSection(ExtensibilityGlobals) = postSolution
		SolutionGuid = {481B8E4E-4545-45CB-AF08-1EC04C77DEEA}
	EndGlobalSection
EndGlobal
